PODS:
  - Kiwi (3.0.0)
  - TKRuntime (0.1.0)

DEPENDENCIES:
  - Kiwi
  - TKRuntime (from `../`)

SPEC REPOS:
  https://github.com/cocoapods/specs.git:
    - Kiwi

EXTERNAL SOURCES:
  TKRuntime:
    :path: "../"

SPEC CHECKSUMS:
  Kiwi: fbeafef0f00e4d8f7dcb3420a4930afe70af77f7
  TKRuntime: 1f013c637fab989244650cb9218e451a12b96bee

PODFILE CHECKSUM: 61ef781b60206dde70b9f06df2615d5b7de661ee

COCOAPODS: 1.5.3
